
Microsoft Visual Studio Solution File, Format Version 12.00
# Visual Studio 2013
VisualStudioVersion = 12.0.21005.1
MinimumVisualStudioVersion = 10.0.40219.1
Project("{CC5FD16D-436D-48AD-A40C-5A424C6E3E79}") = "weConnect", "weConnect\weConnect.ccproj", "{EE6BE721-C1D0-48EE-8E93-86CF27A58A2A}"
	ProjectSection(ProjectDependencies) = postProject
		{1B073C2C-7C56-44B1-AB11-9D318EDA8FC0} = {1B073C2C-7C56-44B1-AB11-9D318EDA8FC0}
		{9D42F844-854A-4448-B35A-8B7596FA8FA1} = {9D42F844-854A-4448-B35A-8B7596FA8FA1}
		{F0D5094B-BE58-4A07-95B3-178C9FD6B723} = {F0D5094B-BE58-4A07-95B3-178C9FD6B723}
		{9309CA68-7E04-4B3C-8A61-C7EB6A2316A1} = {9309CA68-7E04-4B3C-8A61-C7EB6A2316A1}
		{51EE4586-3344-43E7-98B9-F6F0C4B2ED4F} = {51EE4586-3344-43E7-98B9-F6F0C4B2ED4F}
		{229F2AD0-796A-4BA5-BFE8-47F7EC01F44B} = {229F2AD0-796A-4BA5-BFE8-47F7EC01F44B}
	EndProjectSection
EndProject
Project("{FAE04EC0-301F-11D3-BF4B-00C04F79EFBC}") = "weConnectWebRole", "weConnectWebRole\weConnectWebRole.csproj", "{900B92B0-AD4B-4718-814A-0F2FE7E4B2CF}"
	ProjectSection(ProjectDependencies) = postProject
		{1B073C2C-7C56-44B1-AB11-9D318EDA8FC0} = {1B073C2C-7C56-44B1-AB11-9D318EDA8FC0}
		{9D42F844-854A-4448-B35A-8B7596FA8FA1} = {9D42F844-854A-4448-B35A-8B7596FA8FA1}
		{9309CA68-7E04-4B3C-8A61-C7EB6A2316A1} = {9309CA68-7E04-4B3C-8A61-C7EB6A2316A1}
		{AE680D79-AD15-45E4-A2A2-51D0B9D0EBC5} = {AE680D79-AD15-45E4-A2A2-51D0B9D0EBC5}
		{229F2AD0-796A-4BA5-BFE8-47F7EC01F44B} = {229F2AD0-796A-4BA5-BFE8-47F7EC01F44B}
	EndProjectSection
EndProject
Project("{FAE04EC0-301F-11D3-BF4B-00C04F79EFBC}") = "weConnectWebRole.Tests", "weConnectWebRole.Tests\weConnectWebRole.Tests.csproj", "{F0D5094B-BE58-4A07-95B3-178C9FD6B723}"
EndProject
Project("{2150E333-8FDC-42A3-9474-1A3956D46DE8}") = "Common", "Common", "{D08C1482-D15A-40AE-B123-A0BBC76D8BF2}"
EndProject
Project("{FAE04EC0-301F-11D3-BF4B-00C04F79EFBC}") = "Messages", "Common\Messages\Messages.csproj", "{9309CA68-7E04-4B3C-8A61-C7EB6A2316A1}"
EndProject
Project("{FAE04EC0-301F-11D3-BF4B-00C04F79EFBC}") = "ServiceUtilities", "Common\ServiceUtilities\ServiceUtilities.csproj", "{229F2AD0-796A-4BA5-BFE8-47F7EC01F44B}"
EndProject
Project("{CC5FD16D-436D-48AD-A40C-5A424C6E3E79}") = "weConnectResourceWorkerRole", "weConnectResourceWorkerRole\weConnectResourceWorkerRole.ccproj", "{51EE4586-3344-43E7-98B9-F6F0C4B2ED4F}"
EndProject
Project("{FAE04EC0-301F-11D3-BF4B-00C04F79EFBC}") = "ResourceWorkerRole", "WorkerRole2\ResourceWorkerRole.csproj", "{AE680D79-AD15-45E4-A2A2-51D0B9D0EBC5}"
	ProjectSection(ProjectDependencies) = postProject
		{1B073C2C-7C56-44B1-AB11-9D318EDA8FC0} = {1B073C2C-7C56-44B1-AB11-9D318EDA8FC0}
		{9D42F844-854A-4448-B35A-8B7596FA8FA1} = {9D42F844-854A-4448-B35A-8B7596FA8FA1}
		{9309CA68-7E04-4B3C-8A61-C7EB6A2316A1} = {9309CA68-7E04-4B3C-8A61-C7EB6A2316A1}
		{229F2AD0-796A-4BA5-BFE8-47F7EC01F44B} = {229F2AD0-796A-4BA5-BFE8-47F7EC01F44B}
	EndProjectSection
EndProject
Project("{FAE04EC0-301F-11D3-BF4B-00C04F79EFBC}") = "MessageHandlers", "Common\MessageHandlers\MessageHandlers.csproj", "{9D42F844-854A-4448-B35A-8B7596FA8FA1}"
	ProjectSection(ProjectDependencies) = postProject
		{1B073C2C-7C56-44B1-AB11-9D318EDA8FC0} = {1B073C2C-7C56-44B1-AB11-9D318EDA8FC0}
		{9309CA68-7E04-4B3C-8A61-C7EB6A2316A1} = {9309CA68-7E04-4B3C-8A61-C7EB6A2316A1}
		{229F2AD0-796A-4BA5-BFE8-47F7EC01F44B} = {229F2AD0-796A-4BA5-BFE8-47F7EC01F44B}
	EndProjectSection
EndProject
Project("{FAE04EC0-301F-11D3-BF4B-00C04F79EFBC}") = "Store", "Common\Store\Store.csproj", "{1B073C2C-7C56-44B1-AB11-9D318EDA8FC0}"
	ProjectSection(ProjectDependencies) = postProject
		{9309CA68-7E04-4B3C-8A61-C7EB6A2316A1} = {9309CA68-7E04-4B3C-8A61-C7EB6A2316A1}
		{229F2AD0-796A-4BA5-BFE8-47F7EC01F44B} = {229F2AD0-796A-4BA5-BFE8-47F7EC01F44B}
	EndProjectSection
EndProject
Global
	GlobalSection(SolutionConfigurationPlatforms) = preSolution
		Debug|Any CPU = Debug|Any CPU
		Release|Any CPU = Release|Any CPU
	EndGlobalSection
	GlobalSection(ProjectConfigurationPlatforms) = postSolution
		{EE6BE721-C1D0-48EE-8E93-86CF27A58A2A}.Debug|Any CPU.ActiveCfg = Debug|Any CPU
		{EE6BE721-C1D0-48EE-8E93-86CF27A58A2A}.Debug|Any CPU.Build.0 = Debug|Any CPU
		{EE6BE721-C1D0-48EE-8E93-86CF27A58A2A}.Release|Any CPU.ActiveCfg = Release|Any CPU
		{EE6BE721-C1D0-48EE-8E93-86CF27A58A2A}.Release|Any CPU.Build.0 = Release|Any CPU
		{900B92B0-AD4B-4718-814A-0F2FE7E4B2CF}.Debug|Any CPU.ActiveCfg = Debug|Any CPU
		{900B92B0-AD4B-4718-814A-0F2FE7E4B2CF}.Debug|Any CPU.Build.0 = Debug|Any CPU
		{900B92B0-AD4B-4718-814A-0F2FE7E4B2CF}.Release|Any CPU.ActiveCfg = Release|Any CPU
		{900B92B0-AD4B-4718-814A-0F2FE7E4B2CF}.Release|Any CPU.Build.0 = Release|Any CPU
		{F0D5094B-BE58-4A07-95B3-178C9FD6B723}.Debug|Any CPU.ActiveCfg = Debug|Any CPU
		{F0D5094B-BE58-4A07-95B3-178C9FD6B723}.Release|Any CPU.ActiveCfg = Release|Any CPU
		{F0D5094B-BE58-4A07-95B3-178C9FD6B723}.Release|Any CPU.Build.0 = Release|Any CPU
		{9309CA68-7E04-4B3C-8A61-C7EB6A2316A1}.Debug|Any CPU.ActiveCfg = Debug|Any CPU
		{9309CA68-7E04-4B3C-8A61-C7EB6A2316A1}.Debug|Any CPU.Build.0 = Debug|Any CPU
		{9309CA68-7E04-4B3C-8A61-C7EB6A2316A1}.Release|Any CPU.ActiveCfg = Release|Any CPU
		{9309CA68-7E04-4B3C-8A61-C7EB6A2316A1}.Release|Any CPU.Build.0 = Release|Any CPU
		{229F2AD0-796A-4BA5-BFE8-47F7EC01F44B}.Debug|Any CPU.ActiveCfg = Debug|Any CPU
		{229F2AD0-796A-4BA5-BFE8-47F7EC01F44B}.Debug|Any CPU.Build.0 = Debug|Any CPU
		{229F2AD0-796A-4BA5-BFE8-47F7EC01F44B}.Release|Any CPU.ActiveCfg = Release|Any CPU
		{229F2AD0-796A-4BA5-BFE8-47F7EC01F44B}.Release|Any CPU.Build.0 = Release|Any CPU
		{51EE4586-3344-43E7-98B9-F6F0C4B2ED4F}.Debug|Any CPU.ActiveCfg = Debug|Any CPU
		{51EE4586-3344-43E7-98B9-F6F0C4B2ED4F}.Debug|Any CPU.Build.0 = Debug|Any CPU
		{51EE4586-3344-43E7-98B9-F6F0C4B2ED4F}.Release|Any CPU.ActiveCfg = Release|Any CPU
		{51EE4586-3344-43E7-98B9-F6F0C4B2ED4F}.Release|Any CPU.Build.0 = Release|Any CPU
		{AE680D79-AD15-45E4-A2A2-51D0B9D0EBC5}.Debug|Any CPU.ActiveCfg = Debug|Any CPU
		{AE680D79-AD15-45E4-A2A2-51D0B9D0EBC5}.Debug|Any CPU.Build.0 = Debug|Any CPU
		{AE680D79-AD15-45E4-A2A2-51D0B9D0EBC5}.Release|Any CPU.ActiveCfg = Release|Any CPU
		{AE680D79-AD15-45E4-A2A2-51D0B9D0EBC5}.Release|Any CPU.Build.0 = Release|Any CPU
		{9D42F844-854A-4448-B35A-8B7596FA8FA1}.Debug|Any CPU.ActiveCfg = Debug|Any CPU
		{9D42F844-854A-4448-B35A-8B7596FA8FA1}.Debug|Any CPU.Build.0 = Debug|Any CPU
		{9D42F844-854A-4448-B35A-8B7596FA8FA1}.Release|Any CPU.ActiveCfg = Release|Any CPU
		{9D42F844-854A-4448-B35A-8B7596FA8FA1}.Release|Any CPU.Build.0 = Release|Any CPU
		{1B073C2C-7C56-44B1-AB11-9D318EDA8FC0}.Debug|Any CPU.ActiveCfg = Debug|Any CPU
		{1B073C2C-7C56-44B1-AB11-9D318EDA8FC0}.Debug|Any CPU.Build.0 = Debug|Any CPU
		{1B073C2C-7C56-44B1-AB11-9D318EDA8FC0}.Release|Any CPU.ActiveCfg = Release|Any CPU
		{1B073C2C-7C56-44B1-AB11-9D318EDA8FC0}.Release|Any CPU.Build.0 = Release|Any CPU
	EndGlobalSection
	GlobalSection(SolutionProperties) = preSolution
		HideSolutionNode = FALSE
	EndGlobalSection
	GlobalSection(NestedProjects) = preSolution
		{9309CA68-7E04-4B3C-8A61-C7EB6A2316A1} = {D08C1482-D15A-40AE-B123-A0BBC76D8BF2}
		{229F2AD0-796A-4BA5-BFE8-47F7EC01F44B} = {D08C1482-D15A-40AE-B123-A0BBC76D8BF2}
		{9D42F844-854A-4448-B35A-8B7596FA8FA1} = {D08C1482-D15A-40AE-B123-A0BBC76D8BF2}
		{1B073C2C-7C56-44B1-AB11-9D318EDA8FC0} = {D08C1482-D15A-40AE-B123-A0BBC76D8BF2}
	EndGlobalSection
EndGlobal
